
Microsoft Visual Studio Solution File, Format Version 12.00
# Visual Studio 15
VisualStudioVersion = 15.0.26124.0
MinimumVisualStudioVersion = 15.0.26124.0
Project("{2150E333-8FDC-42A3-9474-1A3956D46DE8}") = "src", "src", "{1847A201-8039-4793-9C25-1021AEFC7D91}"
EndProject
Project("{FAE04EC0-301F-11D3-BF4B-00C04F79EFBC}") = "DotNet5", "src\DotNet5\DotNet5.csproj", "{3ECF773F-10B0-48CB-B208-18142C7D8854}"
EndProject
Project("{2150E333-8FDC-42A3-9474-1A3956D46DE8}") = "test", "test", "{04EEAD4C-3F23-45DA-BD37-0F7B0536656F}"
EndProject
Project("{FAE04EC0-301F-11D3-BF4B-00C04F79EFBC}") = "DotNet5.Tests", "test\DotNet5.Tests\DotNet5.Tests.csproj", "{6E497335-5C1D-463D-9440-FCE1E45B00FF}"
EndProject
Global
	GlobalSection(SolutionConfigurationPlatforms) = preSolution
		Debug|Any CPU = Debug|Any CPU
		Debug|x64 = Debug|x64
		Debug|x86 = Debug|x86
		Release|Any CPU = Release|Any CPU
		Release|x64 = Release|x64
		Release|x86 = Release|x86
	EndGlobalSection
	GlobalSection(SolutionProperties) = preSolution
		HideSolutionNode = FALSE
	EndGlobalSection
	GlobalSection(ProjectConfigurationPlatforms) = postSolution
		{3ECF773F-10B0-48CB-B208-18142C7D8854}.Debug|Any CPU.ActiveCfg = Debug|Any CPU
		{3ECF773F-10B0-48CB-B208-18142C7D8854}.Debug|Any CPU.Build.0 = Debug|Any CPU
		{3ECF773F-10B0-48CB-B208-18142C7D8854}.Debug|x64.ActiveCfg = Debug|Any CPU
		{3ECF773F-10B0-48CB-B208-18142C7D8854}.Debug|x64.Build.0 = Debug|Any CPU
		{3ECF773F-10B0-48CB-B208-18142C7D8854}.Debug|x86.ActiveCfg = Debug|Any CPU
		{3ECF773F-10B0-48CB-B208-18142C7D8854}.Debug|x86.Build.0 = Debug|Any CPU
		{3ECF773F-10B0-48CB-B208-18142C7D8854}.Release|Any CPU.ActiveCfg = Release|Any CPU
		{3ECF773F-10B0-48CB-B208-18142C7D8854}.Release|Any CPU.Build.0 = Release|Any CPU
		{3ECF773F-10B0-48CB-B208-18142C7D8854}.Release|x64.ActiveCfg = Release|Any CPU
		{3ECF773F-10B0-48CB-B208-18142C7D8854}.Release|x64.Build.0 = Release|Any CPU
		{3ECF773F-10B0-48CB-B208-18142C7D8854}.Release|x86.ActiveCfg = Release|Any CPU
		{3ECF773F-10B0-48CB-B208-18142C7D8854}.Release|x86.Build.0 = Release|Any CPU
		{6E497335-5C1D-463D-9440-FCE1E45B00FF}.Debug|Any CPU.ActiveCfg = Debug|Any CPU
		{6E497335-5C1D-463D-9440-FCE1E45B00FF}.Debug|Any CPU.Build.0 = Debug|Any CPU
		{6E497335-5C1D-463D-9440-FCE1E45B00FF}.Debug|x64.ActiveCfg = Debug|Any CPU
		{6E497335-5C1D-463D-9440-FCE1E45B00FF}.Debug|x64.Build.0 = Debug|Any CPU
		{6E497335-5C1D-463D-9440-FCE1E45B00FF}.Debug|x86.ActiveCfg = Debug|Any CPU
		{6E497335-5C1D-463D-9440-FCE1E45B00FF}.Debug|x86.Build.0 = Debug|Any CPU
		{6E497335-5C1D-463D-9440-FCE1E45B00FF}.Release|Any CPU.ActiveCfg = Release|Any CPU
		{6E497335-5C1D-463D-9440-FCE1E45B00FF}.Release|Any CPU.Build.0 = Release|Any CPU
		{6E497335-5C1D-463D-9440-FCE1E45B00FF}.Release|x64.ActiveCfg = Release|Any CPU
		{6E497335-5C1D-463D-9440-FCE1E45B00FF}.Release|x64.Build.0 = Release|Any CPU
		{6E497335-5C1D-463D-9440-FCE1E45B00FF}.Release|x86.ActiveCfg = Release|Any CPU
		{6E497335-5C1D-463D-9440-FCE1E45B00FF}.Release|x86.Build.0 = Release|Any CPU
	EndGlobalSection
	GlobalSection(NestedProjects) = preSolution
		{3ECF773F-10B0-48CB-B208-18142C7D8854} = {1847A201-8039-4793-9C25-1021AEFC7D91}
		{6E497335-5C1D-463D-9440-FCE1E45B00FF} = {04EEAD4C-3F23-45DA-BD37-0F7B0536656F}
	EndGlobalSection
EndGlobal
